// !$*UTF8*$!
{
	archiveVersion = 1;
	classes = {
	};
	objectVersion = 56;
	objects = {

/* Begin PBXBuildFile section */
		04498A652A48728A00458CEA /* CustomTabBar.swift in Sources */ = {isa = PBXBuildFile; fileRef = 04498A642A48728A00458CEA /* CustomTabBar.swift */; };
		04498A672A48950900458CEA /* TabCurve.swift in Sources */ = {isa = PBXBuildFile; fileRef = 04498A662A48950900458CEA /* TabCurve.swift */; };
		046DA0852A4637BC0021DD2D /* GoogleService-Info.plist in Resources */ = {isa = PBXBuildFile; fileRef = 046DA0842A4637BC0021DD2D /* GoogleService-Info.plist */; };
		047A558D2A7D63BA00123B91 /* Coward.pdf in Resources */ = {isa = PBXBuildFile; fileRef = 047A558C2A7D63BA00123B91 /* Coward.pdf */; };
		04847A9A2A73F356002B638B /* BookDetailView.swift in Sources */ = {isa = PBXBuildFile; fileRef = 04847A992A73F356002B638B /* BookDetailView.swift */; };
		04CA97712A41AE25002CB788 /* DataView.swift in Sources */ = {isa = PBXBuildFile; fileRef = 04CA97702A41AE25002CB788 /* DataView.swift */; };
		04CA97732A41B720002CB788 /* User.swift in Sources */ = {isa = PBXBuildFile; fileRef = 04CA97722A41B720002CB788 /* User.swift */; };
		04CA97782A41C41E002CB788 /* FirebaseAnalytics in Frameworks */ = {isa = PBXBuildFile; productRef = 04CA97772A41C41E002CB788 /* FirebaseAnalytics */; };
		04CA977A2A41C41E002CB788 /* FirebaseAnalyticsOnDeviceConversion in Frameworks */ = {isa = PBXBuildFile; productRef = 04CA97792A41C41E002CB788 /* FirebaseAnalyticsOnDeviceConversion */; };
		04CA977C2A41C41E002CB788 /* FirebaseAnalyticsSwift in Frameworks */ = {isa = PBXBuildFile; productRef = 04CA977B2A41C41E002CB788 /* FirebaseAnalyticsSwift */; };
		04CA977E2A41C41E002CB788 /* FirebaseAnalyticsWithoutAdIdSupport in Frameworks */ = {isa = PBXBuildFile; productRef = 04CA977D2A41C41E002CB788 /* FirebaseAnalyticsWithoutAdIdSupport */; };
		04CA97802A41C41E002CB788 /* FirebaseAppCheck in Frameworks */ = {isa = PBXBuildFile; productRef = 04CA977F2A41C41E002CB788 /* FirebaseAppCheck */; };
		04CA97822A41C41E002CB788 /* FirebaseAppDistribution-Beta in Frameworks */ = {isa = PBXBuildFile; productRef = 04CA97812A41C41E002CB788 /* FirebaseAppDistribution-Beta */; };
		04CA97842A41C41E002CB788 /* FirebaseAuth in Frameworks */ = {isa = PBXBuildFile; productRef = 04CA97832A41C41E002CB788 /* FirebaseAuth */; };
		04CA97862A41C41E002CB788 /* FirebaseAuthCombine-Community in Frameworks */ = {isa = PBXBuildFile; productRef = 04CA97852A41C41E002CB788 /* FirebaseAuthCombine-Community */; };
		04CA97882A41C41E002CB788 /* FirebaseCrashlytics in Frameworks */ = {isa = PBXBuildFile; productRef = 04CA97872A41C41E002CB788 /* FirebaseCrashlytics */; };
		04CA978A2A41C41E002CB788 /* FirebaseDatabase in Frameworks */ = {isa = PBXBuildFile; productRef = 04CA97892A41C41E002CB788 /* FirebaseDatabase */; };
		04CA978C2A41C41E002CB788 /* FirebaseDatabaseSwift in Frameworks */ = {isa = PBXBuildFile; productRef = 04CA978B2A41C41E002CB788 /* FirebaseDatabaseSwift */; };
		04CA978E2A41C41E002CB788 /* FirebaseDynamicLinks in Frameworks */ = {isa = PBXBuildFile; productRef = 04CA978D2A41C41E002CB788 /* FirebaseDynamicLinks */; };
		04CA97902A41C41E002CB788 /* FirebaseFirestore in Frameworks */ = {isa = PBXBuildFile; productRef = 04CA978F2A41C41E002CB788 /* FirebaseFirestore */; };
		04CA97922A41C41E002CB788 /* FirebaseFirestoreCombine-Community in Frameworks */ = {isa = PBXBuildFile; productRef = 04CA97912A41C41E002CB788 /* FirebaseFirestoreCombine-Community */; };
		04CA97942A41C41E002CB788 /* FirebaseFirestoreSwift in Frameworks */ = {isa = PBXBuildFile; productRef = 04CA97932A41C41E002CB788 /* FirebaseFirestoreSwift */; };
		04CA97962A41C41E002CB788 /* FirebaseFunctions in Frameworks */ = {isa = PBXBuildFile; productRef = 04CA97952A41C41E002CB788 /* FirebaseFunctions */; };
		04CA97982A41C41E002CB788 /* FirebaseFunctionsCombine-Community in Frameworks */ = {isa = PBXBuildFile; productRef = 04CA97972A41C41E002CB788 /* FirebaseFunctionsCombine-Community */; };
		04CA979A2A41C41E002CB788 /* FirebaseInAppMessaging-Beta in Frameworks */ = {isa = PBXBuildFile; productRef = 04CA97992A41C41E002CB788 /* FirebaseInAppMessaging-Beta */; };
		04CA979C2A41C41E002CB788 /* FirebaseInAppMessagingSwift-Beta in Frameworks */ = {isa = PBXBuildFile; productRef = 04CA979B2A41C41E002CB788 /* FirebaseInAppMessagingSwift-Beta */; };
		04CA979E2A41C41E002CB788 /* FirebaseInstallations in Frameworks */ = {isa = PBXBuildFile; productRef = 04CA979D2A41C41E002CB788 /* FirebaseInstallations */; };
		04CA97A02A41C41E002CB788 /* FirebaseMLModelDownloader in Frameworks */ = {isa = PBXBuildFile; productRef = 04CA979F2A41C41E002CB788 /* FirebaseMLModelDownloader */; };
		04CA97A22A41C41E002CB788 /* FirebaseMessaging in Frameworks */ = {isa = PBXBuildFile; productRef = 04CA97A12A41C41E002CB788 /* FirebaseMessaging */; };
		04CA97A42A41C41E002CB788 /* FirebasePerformance in Frameworks */ = {isa = PBXBuildFile; productRef = 04CA97A32A41C41E002CB788 /* FirebasePerformance */; };
		04CA97A62A41C41E002CB788 /* FirebaseRemoteConfig in Frameworks */ = {isa = PBXBuildFile; productRef = 04CA97A52A41C41E002CB788 /* FirebaseRemoteConfig */; };
		04CA97A82A41C41E002CB788 /* FirebaseRemoteConfigSwift in Frameworks */ = {isa = PBXBuildFile; productRef = 04CA97A72A41C41E002CB788 /* FirebaseRemoteConfigSwift */; };
		04CA97AA2A41C41E002CB788 /* FirebaseStorage in Frameworks */ = {isa = PBXBuildFile; productRef = 04CA97A92A41C41E002CB788 /* FirebaseStorage */; };
		04CA97AC2A41C41E002CB788 /* FirebaseStorageCombine-Community in Frameworks */ = {isa = PBXBuildFile; productRef = 04CA97AB2A41C41E002CB788 /* FirebaseStorageCombine-Community */; };
		04CA97B02A4214A1002CB788 /* AuthViewModel.swift in Sources */ = {isa = PBXBuildFile; fileRef = 04CA97AF2A4214A1002CB788 /* AuthViewModel.swift */; };
		04D245DC2A3F9E0D0090D16F /* English_MasteryApp.swift in Sources */ = {isa = PBXBuildFile; fileRef = 04D245DB2A3F9E0D0090D16F /* English_MasteryApp.swift */; };
		04D245DE2A3F9E0D0090D16F /* ContentView.swift in Sources */ = {isa = PBXBuildFile; fileRef = 04D245DD2A3F9E0D0090D16F /* ContentView.swift */; };
		04D245E02A3F9E0F0090D16F /* Assets.xcassets in Resources */ = {isa = PBXBuildFile; fileRef = 04D245DF2A3F9E0F0090D16F /* Assets.xcassets */; };
		04D245E32A3F9E0F0090D16F /* Preview Assets.xcassets in Resources */ = {isa = PBXBuildFile; fileRef = 04D245E22A3F9E0F0090D16F /* Preview Assets.xcassets */; };
		04D245ED2A3F9E0F0090D16F /* English_MasteryTests.swift in Sources */ = {isa = PBXBuildFile; fileRef = 04D245EC2A3F9E0F0090D16F /* English_MasteryTests.swift */; };
		04D245F72A3F9E0F0090D16F /* English_MasteryUITests.swift in Sources */ = {isa = PBXBuildFile; fileRef = 04D245F62A3F9E0F0090D16F /* English_MasteryUITests.swift */; };
		04D245F92A3F9E0F0090D16F /* English_MasteryUITestsLaunchTests.swift in Sources */ = {isa = PBXBuildFile; fileRef = 04D245F82A3F9E0F0090D16F /* English_MasteryUITestsLaunchTests.swift */; };
		04D2460E2A406D140090D16F /* LoginView.swift in Sources */ = {isa = PBXBuildFile; fileRef = 04D2460D2A406D140090D16F /* LoginView.swift */; };
		04D246122A4077990090D16F /* InputView.swift in Sources */ = {isa = PBXBuildFile; fileRef = 04D246112A4077990090D16F /* InputView.swift */; };
		04D246142A40FB8D0090D16F /* RegistrationView.swift in Sources */ = {isa = PBXBuildFile; fileRef = 04D246132A40FB8D0090D16F /* RegistrationView.swift */; };
		04D246162A41013A0090D16F /* ProfileView.swift in Sources */ = {isa = PBXBuildFile; fileRef = 04D246152A41013A0090D16F /* ProfileView.swift */; };
		04DD867F2A59F2AF0041D0F4 /* Books.swift in Sources */ = {isa = PBXBuildFile; fileRef = 04DD867E2A59F2AF0041D0F4 /* Books.swift */; };
		04DD86822A59FC590041D0F4 /* MagazineView.swift in Sources */ = {isa = PBXBuildFile; fileRef = 04DD86812A59FC590041D0F4 /* MagazineView.swift */; };
		04FAE8022A8EC2D00026808E /* SwiftSoup in Frameworks */ = {isa = PBXBuildFile; productRef = 04FAE8012A8EC2D00026808E /* SwiftSoup */; };
/* End PBXBuildFile section */

/* Begin PBXContainerItemProxy section */
		04D245E92A3F9E0F0090D16F /* PBXContainerItemProxy */ = {
			isa = PBXContainerItemProxy;
			containerPortal = 04D245D02A3F9E0D0090D16F /* Project object */;
			proxyType = 1;
			remoteGlobalIDString = 04D245D72A3F9E0D0090D16F;
			remoteInfo = "English Mastery";
		};
		04D245F32A3F9E0F0090D16F /* PBXContainerItemProxy */ = {
			isa = PBXContainerItemProxy;
			containerPortal = 04D245D02A3F9E0D0090D16F /* Project object */;
			proxyType = 1;
			remoteGlobalIDString = 04D245D72A3F9E0D0090D16F;
			remoteInfo = "English Mastery";
		};
/* End PBXContainerItemProxy section */

/* Begin PBXFileReference section */
		04498A642A48728A00458CEA /* CustomTabBar.swift */ = {isa = PBXFileReference; lastKnownFileType = sourcecode.swift; path = CustomTabBar.swift; sourceTree = "<group>"; };
		04498A662A48950900458CEA /* TabCurve.swift */ = {isa = PBXFileReference; lastKnownFileType = sourcecode.swift; path = TabCurve.swift; sourceTree = "<group>"; };
		046DA0842A4637BC0021DD2D /* GoogleService-Info.plist */ = {isa = PBXFileReference; fileEncoding = 4; lastKnownFileType = text.plist.xml; name = "GoogleService-Info.plist"; path = "English Mastery/GoogleService-Info.plist"; sourceTree = "<group>"; };
		047A558C2A7D63BA00123B91 /* Coward.pdf */ = {isa = PBXFileReference; lastKnownFileType = image.pdf; path = Coward.pdf; sourceTree = SOURCE_ROOT; };
		04847A992A73F356002B638B /* BookDetailView.swift */ = {isa = PBXFileReference; lastKnownFileType = sourcecode.swift; path = BookDetailView.swift; sourceTree = "<group>"; };
		04CA97702A41AE25002CB788 /* DataView.swift */ = {isa = PBXFileReference; lastKnownFileType = sourcecode.swift; path = DataView.swift; sourceTree = "<group>"; };
		04CA97722A41B720002CB788 /* User.swift */ = {isa = PBXFileReference; lastKnownFileType = sourcecode.swift; path = User.swift; sourceTree = "<group>"; };
		04CA97AF2A4214A1002CB788 /* AuthViewModel.swift */ = {isa = PBXFileReference; lastKnownFileType = sourcecode.swift; path = AuthViewModel.swift; sourceTree = "<group>"; };
		04D245D82A3F9E0D0090D16F /* English Mastery.app */ = {isa = PBXFileReference; explicitFileType = wrapper.application; includeInIndex = 0; path = "English Mastery.app"; sourceTree = BUILT_PRODUCTS_DIR; };
		04D245DB2A3F9E0D0090D16F /* English_MasteryApp.swift */ = {isa = PBXFileReference; lastKnownFileType = sourcecode.swift; path = English_MasteryApp.swift; sourceTree = "<group>"; };
		04D245DD2A3F9E0D0090D16F /* ContentView.swift */ = {isa = PBXFileReference; lastKnownFileType = sourcecode.swift; path = ContentView.swift; sourceTree = "<group>"; };
		04D245DF2A3F9E0F0090D16F /* Assets.xcassets */ = {isa = PBXFileReference; lastKnownFileType = folder.assetcatalog; path = Assets.xcassets; sourceTree = "<group>"; };
		04D245E22A3F9E0F0090D16F /* Preview Assets.xcassets */ = {isa = PBXFileReference; lastKnownFileType = folder.assetcatalog; path = "Preview Assets.xcassets"; sourceTree = "<group>"; };
		04D245E82A3F9E0F0090D16F /* English MasteryTests.xctest */ = {isa = PBXFileReference; explicitFileType = wrapper.cfbundle; includeInIndex = 0; path = "English MasteryTests.xctest"; sourceTree = BUILT_PRODUCTS_DIR; };
		04D245EC2A3F9E0F0090D16F /* English_MasteryTests.swift */ = {isa = PBXFileReference; lastKnownFileType = sourcecode.swift; path = English_MasteryTests.swift; sourceTree = "<group>"; };
		04D245F22A3F9E0F0090D16F /* English MasteryUITests.xctest */ = {isa = PBXFileReference; explicitFileType = wrapper.cfbundle; includeInIndex = 0; path = "English MasteryUITests.xctest"; sourceTree = BUILT_PRODUCTS_DIR; };
		04D245F62A3F9E0F0090D16F /* English_MasteryUITests.swift */ = {isa = PBXFileReference; lastKnownFileType = sourcecode.swift; path = English_MasteryUITests.swift; sourceTree = "<group>"; };
		04D245F82A3F9E0F0090D16F /* English_MasteryUITestsLaunchTests.swift */ = {isa = PBXFileReference; lastKnownFileType = sourcecode.swift; path = English_MasteryUITestsLaunchTests.swift; sourceTree = "<group>"; };
		04D2460D2A406D140090D16F /* LoginView.swift */ = {isa = PBXFileReference; lastKnownFileType = sourcecode.swift; path = LoginView.swift; sourceTree = "<group>"; };
		04D246112A4077990090D16F /* InputView.swift */ = {isa = PBXFileReference; lastKnownFileType = sourcecode.swift; path = InputView.swift; sourceTree = "<group>"; };
		04D246132A40FB8D0090D16F /* RegistrationView.swift */ = {isa = PBXFileReference; lastKnownFileType = sourcecode.swift; path = RegistrationView.swift; sourceTree = "<group>"; };
		04D246152A41013A0090D16F /* ProfileView.swift */ = {isa = PBXFileReference; lastKnownFileType = sourcecode.swift; path = ProfileView.swift; sourceTree = "<group>"; };
		04DD867E2A59F2AF0041D0F4 /* Books.swift */ = {isa = PBXFileReference; lastKnownFileType = sourcecode.swift; path = Books.swift; sourceTree = "<group>"; };
		04DD86812A59FC590041D0F4 /* MagazineView.swift */ = {isa = PBXFileReference; lastKnownFileType = sourcecode.swift; path = MagazineView.swift; sourceTree = "<group>"; };
/* End PBXFileReference section */

/* Begin PBXFrameworksBuildPhase section */
		04D245D52A3F9E0D0090D16F /* Frameworks */ = {
			isa = PBXFrameworksBuildPhase;
			buildActionMask = 2147483647;
			files = (
				04CA978A2A41C41E002CB788 /* FirebaseDatabase in Frameworks */,
				04CA97982A41C41E002CB788 /* FirebaseFunctionsCombine-Community in Frameworks */,
				04CA97902A41C41E002CB788 /* FirebaseFirestore in Frameworks */,
				04CA977C2A41C41E002CB788 /* FirebaseAnalyticsSwift in Frameworks */,
				04CA97782A41C41E002CB788 /* FirebaseAnalytics in Frameworks */,
				04CA977A2A41C41E002CB788 /* FirebaseAnalyticsOnDeviceConversion in Frameworks */,
				04CA97A02A41C41E002CB788 /* FirebaseMLModelDownloader in Frameworks */,
				04CA97942A41C41E002CB788 /* FirebaseFirestoreSwift in Frameworks */,
				04CA97802A41C41E002CB788 /* FirebaseAppCheck in Frameworks */,
				04CA977E2A41C41E002CB788 /* FirebaseAnalyticsWithoutAdIdSupport in Frameworks */,
				04CA97842A41C41E002CB788 /* FirebaseAuth in Frameworks */,
				04CA97882A41C41E002CB788 /* FirebaseCrashlytics in Frameworks */,
				04CA97A82A41C41E002CB788 /* FirebaseRemoteConfigSwift in Frameworks */,
				04FAE8022A8EC2D00026808E /* SwiftSoup in Frameworks */,
				04CA979A2A41C41E002CB788 /* FirebaseInAppMessaging-Beta in Frameworks */,
				04CA978C2A41C41E002CB788 /* FirebaseDatabaseSwift in Frameworks */,
				04CA97962A41C41E002CB788 /* FirebaseFunctions in Frameworks */,
				04CA97AC2A41C41E002CB788 /* FirebaseStorageCombine-Community in Frameworks */,
				04CA97A62A41C41E002CB788 /* FirebaseRemoteConfig in Frameworks */,
				04CA97822A41C41E002CB788 /* FirebaseAppDistribution-Beta in Frameworks */,
				04CA97862A41C41E002CB788 /* FirebaseAuthCombine-Community in Frameworks */,
				04CA97A42A41C41E002CB788 /* FirebasePerformance in Frameworks */,
				04CA979C2A41C41E002CB788 /* FirebaseInAppMessagingSwift-Beta in Frameworks */,
				04CA97AA2A41C41E002CB788 /* FirebaseStorage in Frameworks */,
				04CA978E2A41C41E002CB788 /* FirebaseDynamicLinks in Frameworks */,
				04CA97922A41C41E002CB788 /* FirebaseFirestoreCombine-Community in Frameworks */,
				04CA97A22A41C41E002CB788 /* FirebaseMessaging in Frameworks */,
				04CA979E2A41C41E002CB788 /* FirebaseInstallations in Frameworks */,
			);
			runOnlyForDeploymentPostprocessing = 0;
		};
		04D245E52A3F9E0F0090D16F /* Frameworks */ = {
			isa = PBXFrameworksBuildPhase;
			buildActionMask = 2147483647;
			files = (
			);
			runOnlyForDeploymentPostprocessing = 0;
		};
		04D245EF2A3F9E0F0090D16F /* Frameworks */ = {
			isa = PBXFrameworksBuildPhase;
			buildActionMask = 2147483647;
			files = (
			);
			runOnlyForDeploymentPostprocessing = 0;
		};
/* End PBXFrameworksBuildPhase section */

/* Begin PBXGroup section */
		04CA97AD2A4213AB002CB788 /* Views */ = {
			isa = PBXGroup;
			children = (
				04D2460D2A406D140090D16F /* LoginView.swift */,
				04D246132A40FB8D0090D16F /* RegistrationView.swift */,
			);
			path = Views;
			sourceTree = "<group>";
		};
		04CA97AE2A4213BB002CB788 /* HomeViewModels */ = {
			isa = PBXGroup;
			children = (
				04CA97AF2A4214A1002CB788 /* AuthViewModel.swift */,
			);
			path = HomeViewModels;
			sourceTree = "<group>";
		};
		04D245CF2A3F9E0D0090D16F = {
			isa = PBXGroup;
			children = (
				047A558C2A7D63BA00123B91 /* Coward.pdf */,
				046DA0842A4637BC0021DD2D /* GoogleService-Info.plist */,
				04DD86802A59FC480041D0F4 /* Views */,
				04D246062A406B0B0090D16F /* App */,
				04D245DA2A3F9E0D0090D16F /* English Mastery */,
				04D245EB2A3F9E0F0090D16F /* English MasteryTests */,
				04D245F52A3F9E0F0090D16F /* English MasteryUITests */,
				04D245D92A3F9E0D0090D16F /* Products */,
			);
			sourceTree = "<group>";
		};
		04D245D92A3F9E0D0090D16F /* Products */ = {
			isa = PBXGroup;
			children = (
				04D245D82A3F9E0D0090D16F /* English Mastery.app */,
				04D245E82A3F9E0F0090D16F /* English MasteryTests.xctest */,
				04D245F22A3F9E0F0090D16F /* English MasteryUITests.xctest */,
			);
			name = Products;
			sourceTree = "<group>";
		};
		04D245DA2A3F9E0D0090D16F /* English Mastery */ = {
			isa = PBXGroup;
			children = (
				04D245DF2A3F9E0F0090D16F /* Assets.xcassets */,
				04D246092A406B4A0090D16F /* Model */,
				04D246082A406B2A0090D16F /* CoreData */,
				04D246072A406B130090D16F /* Components */,
				04D245E12A3F9E0F0090D16F /* Preview Content */,
			);
			path = "English Mastery";
			sourceTree = "<group>";
		};
		04D245E12A3F9E0F0090D16F /* Preview Content */ = {
			isa = PBXGroup;
			children = (
				04D245E22A3F9E0F0090D16F /* Preview Assets.xcassets */,
			);
			path = "Preview Content";
			sourceTree = "<group>";
		};
		04D245EB2A3F9E0F0090D16F /* English MasteryTests */ = {
			isa = PBXGroup;
			children = (
				04D245EC2A3F9E0F0090D16F /* English_MasteryTests.swift */,
			);
			path = "English MasteryTests";
			sourceTree = "<group>";
		};
		04D245F52A3F9E0F0090D16F /* English MasteryUITests */ = {
			isa = PBXGroup;
			children = (
				04D245F62A3F9E0F0090D16F /* English_MasteryUITests.swift */,
				04D245F82A3F9E0F0090D16F /* English_MasteryUITestsLaunchTests.swift */,
			);
			path = "English MasteryUITests";
			sourceTree = "<group>";
		};
		04D246062A406B0B0090D16F /* App */ = {
			isa = PBXGroup;
			children = (
				04D245DB2A3F9E0D0090D16F /* English_MasteryApp.swift */,
			);
			path = App;
			sourceTree = "<group>";
		};
		04D246072A406B130090D16F /* Components */ = {
			isa = PBXGroup;
			children = (
				04CA97702A41AE25002CB788 /* DataView.swift */,
				04DD867E2A59F2AF0041D0F4 /* Books.swift */,
			);
			path = Components;
			sourceTree = "<group>";
		};
		04D246082A406B2A0090D16F /* CoreData */ = {
			isa = PBXGroup;
			children = (
				04D2460B2A406B990090D16F /* Authentification */,
				04D2460C2A406BAD0090D16F /* Profile */,
				04D2460A2A406B6F0090D16F /* Root */,
			);
			path = CoreData;
			sourceTree = "<group>";
		};
		04D246092A406B4A0090D16F /* Model */ = {
			isa = PBXGroup;
			children = (
				04CA97722A41B720002CB788 /* User.swift */,
			);
			path = Model;
			sourceTree = "<group>";
		};
		04D2460A2A406B6F0090D16F /* Root */ = {
			isa = PBXGroup;
			children = (
				04D245DD2A3F9E0D0090D16F /* ContentView.swift */,
			);
			path = Root;
			sourceTree = "<group>";
		};
		04D2460B2A406B990090D16F /* Authentification */ = {
			isa = PBXGroup;
			children = (
				04CA97AE2A4213BB002CB788 /* HomeViewModels */,
				04CA97AD2A4213AB002CB788 /* Views */,
				04D246112A4077990090D16F /* InputView.swift */,
			);
			path = Authentification;
			sourceTree = "<group>";
		};
		04D2460C2A406BAD0090D16F /* Profile */ = {
			isa = PBXGroup;
			children = (
				04498A642A48728A00458CEA /* CustomTabBar.swift */,
				04D246152A41013A0090D16F /* ProfileView.swift */,
				04498A662A48950900458CEA /* TabCurve.swift */,
			);
			path = Profile;
			sourceTree = "<group>";
		};
		04DD86802A59FC480041D0F4 /* Views */ = {
			isa = PBXGroup;
			children = (
				04DD86812A59FC590041D0F4 /* MagazineView.swift */,
				04847A992A73F356002B638B /* BookDetailView.swift */,
			);
			path = Views;
			sourceTree = "<group>";
		};
/* End PBXGroup section */

/* Begin PBXNativeTarget section */
		04D245D72A3F9E0D0090D16F /* English Mastery */ = {
			isa = PBXNativeTarget;
			buildConfigurationList = 04D245FC2A3F9E0F0090D16F /* Build configuration list for PBXNativeTarget "English Mastery" */;
			buildPhases = (
				04D245D42A3F9E0D0090D16F /* Sources */,
				04D245D52A3F9E0D0090D16F /* Frameworks */,
				04D245D62A3F9E0D0090D16F /* Resources */,
			);
			buildRules = (
			);
			dependencies = (
			);
			name = "English Mastery";
			packageProductDependencies = (
				04CA97772A41C41E002CB788 /* FirebaseAnalytics */,
				04CA97792A41C41E002CB788 /* FirebaseAnalyticsOnDeviceConversion */,
				04CA977B2A41C41E002CB788 /* FirebaseAnalyticsSwift */,
				04CA977D2A41C41E002CB788 /* FirebaseAnalyticsWithoutAdIdSupport */,
				04CA977F2A41C41E002CB788 /* FirebaseAppCheck */,
				04CA97812A41C41E002CB788 /* FirebaseAppDistribution-Beta */,
				04CA97832A41C41E002CB788 /* FirebaseAuth */,
				04CA97852A41C41E002CB788 /* FirebaseAuthCombine-Community */,
				04CA97872A41C41E002CB788 /* FirebaseCrashlytics */,
				04CA97892A41C41E002CB788 /* FirebaseDatabase */,
				04CA978B2A41C41E002CB788 /* FirebaseDatabaseSwift */,
				04CA978D2A41C41E002CB788 /* FirebaseDynamicLinks */,
				04CA978F2A41C41E002CB788 /* FirebaseFirestore */,
				04CA97912A41C41E002CB788 /* FirebaseFirestoreCombine-Community */,
				04CA97932A41C41E002CB788 /* FirebaseFirestoreSwift */,
				04CA97952A41C41E002CB788 /* FirebaseFunctions */,
				04CA97972A41C41E002CB788 /* FirebaseFunctionsCombine-Community */,
				04CA97992A41C41E002CB788 /* FirebaseInAppMessaging-Beta */,
				04CA979B2A41C41E002CB788 /* FirebaseInAppMessagingSwift-Beta */,
				04CA979D2A41C41E002CB788 /* FirebaseInstallations */,
				04CA979F2A41C41E002CB788 /* FirebaseMLModelDownloader */,
				04CA97A12A41C41E002CB788 /* FirebaseMessaging */,
				04CA97A32A41C41E002CB788 /* FirebasePerformance */,
				04CA97A52A41C41E002CB788 /* FirebaseRemoteConfig */,
				04CA97A72A41C41E002CB788 /* FirebaseRemoteConfigSwift */,
				04CA97A92A41C41E002CB788 /* FirebaseStorage */,
				04CA97AB2A41C41E002CB788 /* FirebaseStorageCombine-Community */,
				04FAE8012A8EC2D00026808E /* SwiftSoup */,
			);
			productName = "English Mastery";
			productReference = 04D245D82A3F9E0D0090D16F /* English Mastery.app */;
			productType = "com.apple.product-type.application";
		};
		04D245E72A3F9E0F0090D16F /* English MasteryTests */ = {
			isa = PBXNativeTarget;
			buildConfigurationList = 04D245FF2A3F9E0F0090D16F /* Build configuration list for PBXNativeTarget "English MasteryTests" */;
			buildPhases = (
				04D245E42A3F9E0F0090D16F /* Sources */,
				04D245E52A3F9E0F0090D16F /* Frameworks */,
				04D245E62A3F9E0F0090D16F /* Resources */,
			);
			buildRules = (
			);
			dependencies = (
				04D245EA2A3F9E0F0090D16F /* PBXTargetDependency */,
			);
			name = "English MasteryTests";
			productName = "English MasteryTests";
			productReference = 04D245E82A3F9E0F0090D16F /* English MasteryTests.xctest */;
			productType = "com.apple.product-type.bundle.unit-test";
		};
		04D245F12A3F9E0F0090D16F /* English MasteryUITests */ = {
			isa = PBXNativeTarget;
			buildConfigurationList = 04D246022A3F9E0F0090D16F /* Build configuration list for PBXNativeTarget "English MasteryUITests" */;
			buildPhases = (
				04D245EE2A3F9E0F0090D16F /* Sources */,
				04D245EF2A3F9E0F0090D16F /* Frameworks */,
				04D245F02A3F9E0F0090D16F /* Resources */,
			);
			buildRules = (
			);
			dependencies = (
				04D245F42A3F9E0F0090D16F /* PBXTargetDependency */,
			);
			name = "English MasteryUITests";
			productName = "English MasteryUITests";
			productReference = 04D245F22A3F9E0F0090D16F /* English MasteryUITests.xctest */;
			productType = "com.apple.product-type.bundle.ui-testing";
		};
/* End PBXNativeTarget section */

/* Begin PBXProject section */
		04D245D02A3F9E0D0090D16F /* Project object */ = {
			isa = PBXProject;
			attributes = {
				BuildIndependentTargetsInParallel = 1;
				LastSwiftUpdateCheck = 1430;
				LastUpgradeCheck = 1430;
				TargetAttributes = {
					04D245D72A3F9E0D0090D16F = {
						CreatedOnToolsVersion = 14.3.1;
					};
					04D245E72A3F9E0F0090D16F = {
						CreatedOnToolsVersion = 14.3.1;
						TestTargetID = 04D245D72A3F9E0D0090D16F;
					};
					04D245F12A3F9E0F0090D16F = {
						CreatedOnToolsVersion = 14.3.1;
						TestTargetID = 04D245D72A3F9E0D0090D16F;
					};
				};
			};
			buildConfigurationList = 04D245D32A3F9E0D0090D16F /* Build configuration list for PBXProject "English Mastery" */;
			compatibilityVersion = "Xcode 14.0";
			developmentRegion = en;
			hasScannedForEncodings = 0;
			knownRegions = (
				en,
				Base,
			);
			mainGroup = 04D245CF2A3F9E0D0090D16F;
			packageReferences = (
				04CA97762A41C41D002CB788 /* XCRemoteSwiftPackageReference "firebase-ios-sdk" */,
				04FAE8002A8EC2D00026808E /* XCRemoteSwiftPackageReference "SwiftSoup" */,
			);
			productRefGroup = 04D245D92A3F9E0D0090D16F /* Products */;
			projectDirPath = "";
			projectRoot = "";
			targets = (
				04D245D72A3F9E0D0090D16F /* English Mastery */,
				04D245E72A3F9E0F0090D16F /* English MasteryTests */,
				04D245F12A3F9E0F0090D16F /* English MasteryUITests */,
			);
		};
/* End PBXProject section */

/* Begin PBXResourcesBuildPhase section */
		04D245D62A3F9E0D0090D16F /* Resources */ = {
			isa = PBXResourcesBuildPhase;
			buildActionMask = 2147483647;
			files = (
				04D245E32A3F9E0F0090D16F /* Preview Assets.xcassets in Resources */,
				047A558D2A7D63BA00123B91 /* Coward.pdf in Resources */,
				04D245E02A3F9E0F0090D16F /* Assets.xcassets in Resources */,
				046DA0852A4637BC0021DD2D /* GoogleService-Info.plist in Resources */,
			);
			runOnlyForDeploymentPostprocessing = 0;
		};
		04D245E62A3F9E0F0090D16F /* Resources */ = {
			isa = PBXResourcesBuildPhase;
			buildActionMask = 2147483647;
			files = (
			);
			runOnlyForDeploymentPostprocessing = 0;
		};
		04D245F02A3F9E0F0090D16F /* Resources */ = {
			isa = PBXResourcesBuildPhase;
			buildActionMask = 2147483647;
			files = (
			);
			runOnlyForDeploymentPostprocessing = 0;
		};
/* End PBXResourcesBuildPhase section */

/* Begin PBXSourcesBuildPhase section */
		04D245D42A3F9E0D0090D16F /* Sources */ = {
			isa = PBXSourcesBuildPhase;
			buildActionMask = 2147483647;
			files = (
				04DD867F2A59F2AF0041D0F4 /* Books.swift in Sources */,
				04D2460E2A406D140090D16F /* LoginView.swift in Sources */,
				04D246122A4077990090D16F /* InputView.swift in Sources */,
				04498A652A48728A00458CEA /* CustomTabBar.swift in Sources */,
				04D245DE2A3F9E0D0090D16F /* ContentView.swift in Sources */,
				04CA97712A41AE25002CB788 /* DataView.swift in Sources */,
				04847A9A2A73F356002B638B /* BookDetailView.swift in Sources */,
				04498A672A48950900458CEA /* TabCurve.swift in Sources */,
				04CA97732A41B720002CB788 /* User.swift in Sources */,
				04D245DC2A3F9E0D0090D16F /* English_MasteryApp.swift in Sources */,
				04D246162A41013A0090D16F /* ProfileView.swift in Sources */,
				04DD86822A59FC590041D0F4 /* MagazineView.swift in Sources */,
				04D246142A40FB8D0090D16F /* RegistrationView.swift in Sources */,
				04CA97B02A4214A1002CB788 /* AuthViewModel.swift in Sources */,
			);
			runOnlyForDeploymentPostprocessing = 0;
		};
		04D245E42A3F9E0F0090D16F /* Sources */ = {
			isa = PBXSourcesBuildPhase;
			buildActionMask = 2147483647;
			files = (
				04D245ED2A3F9E0F0090D16F /* English_MasteryTests.swift in Sources */,
			);
			runOnlyForDeploymentPostprocessing = 0;
		};
		04D245EE2A3F9E0F0090D16F /* Sources */ = {
			isa = PBXSourcesBuildPhase;
			buildActionMask = 2147483647;
			files = (
				04D245F72A3F9E0F0090D16F /* English_MasteryUITests.swift in Sources */,
				04D245F92A3F9E0F0090D16F /* English_MasteryUITestsLaunchTests.swift in Sources */,
			);
			runOnlyForDeploymentPostprocessing = 0;
		};
/* End PBXSourcesBuildPhase section */

/* Begin PBXTargetDependency section */
		04D245EA2A3F9E0F0090D16F /* PBXTargetDependency */ = {
			isa = PBXTargetDependency;
			target = 04D245D72A3F9E0D0090D16F /* English Mastery */;
			targetProxy = 04D245E92A3F9E0F0090D16F /* PBXContainerItemProxy */;
		};
		04D245F42A3F9E0F0090D16F /* PBXTargetDependency */ = {
			isa = PBXTargetDependency;
			target = 04D245D72A3F9E0D0090D16F /* English Mastery */;
			targetProxy = 04D245F32A3F9E0F0090D16F /* PBXContainerItemProxy */;
		};
/* End PBXTargetDependency section */

/* Begin XCBuildConfiguration section */
		04D245FA2A3F9E0F0090D16F /* Debug */ = {
			isa = XCBuildConfiguration;
			buildSettings = {
				ALWAYS_SEARCH_USER_PATHS = NO;
				CLANG_ANALYZER_NONNULL = YES;
				CLANG_ANALYZER_NUMBER_OBJECT_CONVERSION = YES_AGGRESSIVE;
				CLANG_CXX_LANGUAGE_STANDARD = "gnu++20";
				CLANG_ENABLE_MODULES = YES;
				CLANG_ENABLE_OBJC_ARC = YES;
				CLANG_ENABLE_OBJC_WEAK = YES;
				CLANG_WARN_BLOCK_CAPTURE_AUTORELEASING = YES;
				CLANG_WARN_BOOL_CONVERSION = YES;
				CLANG_WARN_COMMA = YES;
				CLANG_WARN_CONSTANT_CONVERSION = YES;
				CLANG_WARN_DEPRECATED_OBJC_IMPLEMENTATIONS = YES;
				CLANG_WARN_DIRECT_OBJC_ISA_USAGE = YES_ERROR;
				CLANG_WARN_DOCUMENTATION_COMMENTS = YES;
				CLANG_WARN_EMPTY_BODY = YES;
				CLANG_WARN_ENUM_CONVERSION = YES;
				CLANG_WARN_INFINITE_RECURSION = YES;
				CLANG_WARN_INT_CONVERSION = YES;
				CLANG_WARN_NON_LITERAL_NULL_CONVERSION = YES;
				CLANG_WARN_OBJC_IMPLICIT_RETAIN_SELF = YES;
				CLANG_WARN_OBJC_LITERAL_CONVERSION = YES;
				CLANG_WARN_OBJC_ROOT_CLASS = YES_ERROR;
				CLANG_WARN_QUOTED_INCLUDE_IN_FRAMEWORK_HEADER = YES;
				CLANG_WARN_RANGE_LOOP_ANALYSIS = YES;
				CLANG_WARN_STRICT_PROTOTYPES = YES;
				CLANG_WARN_SUSPICIOUS_MOVE = YES;
				CLANG_WARN_UNGUARDED_AVAILABILITY = YES_AGGRESSIVE;
				CLANG_WARN_UNREACHABLE_CODE = YES;
				CLANG_WARN__DUPLICATE_METHOD_MATCH = YES;
				COPY_PHASE_STRIP = NO;
				DEBUG_INFORMATION_FORMAT = dwarf;
				ENABLE_STRICT_OBJC_MSGSEND = YES;
				ENABLE_TESTABILITY = YES;
				GCC_C_LANGUAGE_STANDARD = gnu11;
				GCC_DYNAMIC_NO_PIC = NO;
				GCC_NO_COMMON_BLOCKS = YES;
				GCC_OPTIMIZATION_LEVEL = 0;
				GCC_PREPROCESSOR_DEFINITIONS = (
					"DEBUG=1",
					"$(inherited)",
				);
				GCC_WARN_64_TO_32_BIT_CONVERSION = YES;
				GCC_WARN_ABOUT_RETURN_TYPE = YES_ERROR;
				GCC_WARN_UNDECLARED_SELECTOR = YES;
				GCC_WARN_UNINITIALIZED_AUTOS = YES_AGGRESSIVE;
				GCC_WARN_UNUSED_FUNCTION = YES;
				GCC_WARN_UNUSED_VARIABLE = YES;
				IPHONEOS_DEPLOYMENT_TARGET = 16.4;
				MTL_ENABLE_DEBUG_INFO = INCLUDE_SOURCE;
				MTL_FAST_MATH = YES;
				ONLY_ACTIVE_ARCH = YES;
				SDKROOT = iphoneos;
				SWIFT_ACTIVE_COMPILATION_CONDITIONS = DEBUG;
				SWIFT_OPTIMIZATION_LEVEL = "-Onone";
			};
			name = Debug;
		};
		04D245FB2A3F9E0F0090D16F /* Release */ = {
			isa = XCBuildConfiguration;
			buildSettings = {
				ALWAYS_SEARCH_USER_PATHS = NO;
				CLANG_ANALYZER_NONNULL = YES;
				CLANG_ANALYZER_NUMBER_OBJECT_CONVERSION = YES_AGGRESSIVE;
				CLANG_CXX_LANGUAGE_STANDARD = "gnu++20";
				CLANG_ENABLE_MODULES = YES;
				CLANG_ENABLE_OBJC_ARC = YES;
				CLANG_ENABLE_OBJC_WEAK = YES;
				CLANG_WARN_BLOCK_CAPTURE_AUTORELEASING = YES;
				CLANG_WARN_BOOL_CONVERSION = YES;
				CLANG_WARN_COMMA = YES;
				CLANG_WARN_CONSTANT_CONVERSION = YES;
				CLANG_WARN_DEPRECATED_OBJC_IMPLEMENTATIONS = YES;
				CLANG_WARN_DIRECT_OBJC_ISA_USAGE = YES_ERROR;
				CLANG_WARN_DOCUMENTATION_COMMENTS = YES;
				CLANG_WARN_EMPTY_BODY = YES;
				CLANG_WARN_ENUM_CONVERSION = YES;
				CLANG_WARN_INFINITE_RECURSION = YES;
				CLANG_WARN_INT_CONVERSION = YES;
				CLANG_WARN_NON_LITERAL_NULL_CONVERSION = YES;
				CLANG_WARN_OBJC_IMPLICIT_RETAIN_SELF = YES;
				CLANG_WARN_OBJC_LITERAL_CONVERSION = YES;
				CLANG_WARN_OBJC_ROOT_CLASS = YES_ERROR;
				CLANG_WARN_QUOTED_INCLUDE_IN_FRAMEWORK_HEADER = YES;
				CLANG_WARN_RANGE_LOOP_ANALYSIS = YES;
				CLANG_WARN_STRICT_PROTOTYPES = YES;
				CLANG_WARN_SUSPICIOUS_MOVE = YES;
				CLANG_WARN_UNGUARDED_AVAILABILITY = YES_AGGRESSIVE;
				CLANG_WARN_UNREACHABLE_CODE = YES;
				CLANG_WARN__DUPLICATE_METHOD_MATCH = YES;
				COPY_PHASE_STRIP = NO;
				DEBUG_INFORMATION_FORMAT = "dwarf-with-dsym";
				ENABLE_NS_ASSERTIONS = NO;
				ENABLE_STRICT_OBJC_MSGSEND = YES;
				GCC_C_LANGUAGE_STANDARD = gnu11;
				GCC_NO_COMMON_BLOCKS = YES;
				GCC_WARN_64_TO_32_BIT_CONVERSION = YES;
				GCC_WARN_ABOUT_RETURN_TYPE = YES_ERROR;
				GCC_WARN_UNDECLARED_SELECTOR = YES;
				GCC_WARN_UNINITIALIZED_AUTOS = YES_AGGRESSIVE;
				GCC_WARN_UNUSED_FUNCTION = YES;
				GCC_WARN_UNUSED_VARIABLE = YES;
				IPHONEOS_DEPLOYMENT_TARGET = 16.4;
				MTL_ENABLE_DEBUG_INFO = NO;
				MTL_FAST_MATH = YES;
				SDKROOT = iphoneos;
				SWIFT_COMPILATION_MODE = wholemodule;
				SWIFT_OPTIMIZATION_LEVEL = "-O";
				VALIDATE_PRODUCT = YES;
			};
			name = Release;
		};
		04D245FD2A3F9E0F0090D16F /* Debug */ = {
			isa = XCBuildConfiguration;
			buildSettings = {
				ASSETCATALOG_COMPILER_APPICON_NAME = AppIcon;
				ASSETCATALOG_COMPILER_GLOBAL_ACCENT_COLOR_NAME = AccentColor;
				CODE_SIGN_STYLE = Automatic;
				CURRENT_PROJECT_VERSION = 1;
				DEVELOPMENT_ASSET_PATHS = "\"English Mastery/Preview Content\"";
				DEVELOPMENT_TEAM = T6V9U89ZWR;
				ENABLE_PREVIEWS = YES;
				GENERATE_INFOPLIST_FILE = YES;
				INFOPLIST_KEY_UIApplicationSceneManifest_Generation = YES;
				INFOPLIST_KEY_UIApplicationSupportsIndirectInputEvents = YES;
				INFOPLIST_KEY_UILaunchScreen_Generation = YES;
				INFOPLIST_KEY_UISupportedInterfaceOrientations_iPad = "UIInterfaceOrientationPortrait UIInterfaceOrientationPortraitUpsideDown UIInterfaceOrientationLandscapeLeft UIInterfaceOrientationLandscapeRight";
				INFOPLIST_KEY_UISupportedInterfaceOrientations_iPhone = "UIInterfaceOrientationPortrait UIInterfaceOrientationLandscapeLeft UIInterfaceOrientationLandscapeRight";
				LD_RUNPATH_SEARCH_PATHS = (
					"$(inherited)",
					"@executable_path/Frameworks",
				);
				MARKETING_VERSION = 1.0;
				PRODUCT_BUNDLE_IDENTIFIER = "Home.English-Mastery";
				PRODUCT_NAME = "$(TARGET_NAME)";
				SWIFT_EMIT_LOC_STRINGS = YES;
				SWIFT_VERSION = 5.0;
				TARGETED_DEVICE_FAMILY = "1,2";
			};
			name = Debug;
		};
		04D245FE2A3F9E0F0090D16F /* Release */ = {
			isa = XCBuildConfiguration;
			buildSettings = {
				ASSETCATALOG_COMPILER_APPICON_NAME = AppIcon;
				ASSETCATALOG_COMPILER_GLOBAL_ACCENT_COLOR_NAME = AccentColor;
				CODE_SIGN_STYLE = Automatic;
				CURRENT_PROJECT_VERSION = 1;
				DEVELOPMENT_ASSET_PATHS = "\"English Mastery/Preview Content\"";
				DEVELOPMENT_TEAM = T6V9U89ZWR;
				ENABLE_PREVIEWS = YES;
				GENERATE_INFOPLIST_FILE = YES;
				INFOPLIST_KEY_UIApplicationSceneManifest_Generation = YES;
				INFOPLIST_KEY_UIApplicationSupportsIndirectInputEvents = YES;
				INFOPLIST_KEY_UILaunchScreen_Generation = YES;
				INFOPLIST_KEY_UISupportedInterfaceOrientations_iPad = "UIInterfaceOrientationPortrait UIInterfaceOrientationPortraitUpsideDown UIInterfaceOrientationLandscapeLeft UIInterfaceOrientationLandscapeRight";
				INFOPLIST_KEY_UISupportedInterfaceOrientations_iPhone = "UIInterfaceOrientationPortrait UIInterfaceOrientationLandscapeLeft UIInterfaceOrientationLandscapeRight";
				LD_RUNPATH_SEARCH_PATHS = (
					"$(inherited)",
					"@executable_path/Frameworks",
				);
				MARKETING_VERSION = 1.0;
				PRODUCT_BUNDLE_IDENTIFIER = "Home.English-Mastery";
				PRODUCT_NAME = "$(TARGET_NAME)";
				SWIFT_EMIT_LOC_STRINGS = YES;
				SWIFT_VERSION = 5.0;
				TARGETED_DEVICE_FAMILY = "1,2";
			};
			name = Release;
		};
		04D246002A3F9E0F0090D16F /* Debug */ = {
			isa = XCBuildConfiguration;
			buildSettings = {
				ALWAYS_EMBED_SWIFT_STANDARD_LIBRARIES = YES;
				BUNDLE_LOADER = "$(TEST_HOST)";
				CODE_SIGN_STYLE = Automatic;
				CURRENT_PROJECT_VERSION = 1;
				DEVELOPMENT_TEAM = T6V9U89ZWR;
				GENERATE_INFOPLIST_FILE = YES;
				IPHONEOS_DEPLOYMENT_TARGET = 16.4;
				MARKETING_VERSION = 1.0;
				PRODUCT_BUNDLE_IDENTIFIER = "Home.English-MasteryTests";
				PRODUCT_NAME = "$(TARGET_NAME)";
				SWIFT_EMIT_LOC_STRINGS = NO;
				SWIFT_VERSION = 5.0;
				TARGETED_DEVICE_FAMILY = "1,2";
				TEST_HOST = "$(BUILT_PRODUCTS_DIR)/English Mastery.app/$(BUNDLE_EXECUTABLE_FOLDER_PATH)/English Mastery";
			};
			name = Debug;
		};
		04D246012A3F9E0F0090D16F /* Release */ = {
			isa = XCBuildConfiguration;
			buildSettings = {
				ALWAYS_EMBED_SWIFT_STANDARD_LIBRARIES = YES;
				BUNDLE_LOADER = "$(TEST_HOST)";
				CODE_SIGN_STYLE = Automatic;
				CURRENT_PROJECT_VERSION = 1;
				DEVELOPMENT_TEAM = T6V9U89ZWR;
				GENERATE_INFOPLIST_FILE = YES;
				IPHONEOS_DEPLOYMENT_TARGET = 16.4;
				MARKETING_VERSION = 1.0;
				PRODUCT_BUNDLE_IDENTIFIER = "Home.English-MasteryTests";
				PRODUCT_NAME = "$(TARGET_NAME)";
				SWIFT_EMIT_LOC_STRINGS = NO;
				SWIFT_VERSION = 5.0;
				TARGETED_DEVICE_FAMILY = "1,2";
				TEST_HOST = "$(BUILT_PRODUCTS_DIR)/English Mastery.app/$(BUNDLE_EXECUTABLE_FOLDER_PATH)/English Mastery";
			};
			name = Release;
		};
		04D246032A3F9E0F0090D16F /* Debug */ = {
			isa = XCBuildConfiguration;
			buildSettings = {
				ALWAYS_EMBED_SWIFT_STANDARD_LIBRARIES = YES;
				CODE_SIGN_STYLE = Automatic;
				CURRENT_PROJECT_VERSION = 1;
				DEVELOPMENT_TEAM = T6V9U89ZWR;
				GENERATE_INFOPLIST_FILE = YES;
				MARKETING_VERSION = 1.0;
				PRODUCT_BUNDLE_IDENTIFIER = "Home.English-MasteryUITests";
				PRODUCT_NAME = "$(TARGET_NAME)";
				SWIFT_EMIT_LOC_STRINGS = NO;
				SWIFT_VERSION = 5.0;
				TARGETED_DEVICE_FAMILY = "1,2";
				TEST_TARGET_NAME = "English Mastery";
			};
			name = Debug;
		};
		04D246042A3F9E0F0090D16F /* Release */ = {
			isa = XCBuildConfiguration;
			buildSettings = {
				ALWAYS_EMBED_SWIFT_STANDARD_LIBRARIES = YES;
				CODE_SIGN_STYLE = Automatic;
				CURRENT_PROJECT_VERSION = 1;
				DEVELOPMENT_TEAM = T6V9U89ZWR;
				GENERATE_INFOPLIST_FILE = YES;
				MARKETING_VERSION = 1.0;
				PRODUCT_BUNDLE_IDENTIFIER = "Home.English-MasteryUITests";
				PRODUCT_NAME = "$(TARGET_NAME)";
				SWIFT_EMIT_LOC_STRINGS = NO;
				SWIFT_VERSION = 5.0;
				TARGETED_DEVICE_FAMILY = "1,2";
				TEST_TARGET_NAME = "English Mastery";
			};
			name = Release;
		};
/* End XCBuildConfiguration section */

/* Begin XCConfigurationList section */
		04D245D32A3F9E0D0090D16F /* Build configuration list for PBXProject "English Mastery" */ = {
			isa = XCConfigurationList;
			buildConfigurations = (
				04D245FA2A3F9E0F0090D16F /* Debug */,
				04D245FB2A3F9E0F0090D16F /* Release */,
			);
			defaultConfigurationIsVisible = 0;
			defaultConfigurationName = Release;
		};
		04D245FC2A3F9E0F0090D16F /* Build configuration list for PBXNativeTarget "English Mastery" */ = {
			isa = XCConfigurationList;
			buildConfigurations = (
				04D245FD2A3F9E0F0090D16F /* Debug */,
				04D245FE2A3F9E0F0090D16F /* Release */,
			);
			defaultConfigurationIsVisible = 0;
			defaultConfigurationName = Release;
		};
		04D245FF2A3F9E0F0090D16F /* Build configuration list for PBXNativeTarget "English MasteryTests" */ = {
			isa = XCConfigurationList;
			buildConfigurations = (
				04D246002A3F9E0F0090D16F /* Debug */,
				04D246012A3F9E0F0090D16F /* Release */,
			);
			defaultConfigurationIsVisible = 0;
			defaultConfigurationName = Release;
		};
		04D246022A3F9E0F0090D16F /* Build configuration list for PBXNativeTarget "English MasteryUITests" */ = {
			isa = XCConfigurationList;
			buildConfigurations = (
				04D246032A3F9E0F0090D16F /* Debug */,
				04D246042A3F9E0F0090D16F /* Release */,
			);
			defaultConfigurationIsVisible = 0;
			defaultConfigurationName = Release;
		};
/* End XCConfigurationList section */

/* Begin XCRemoteSwiftPackageReference section */
		04CA97762A41C41D002CB788 /* XCRemoteSwiftPackageReference "firebase-ios-sdk" */ = {
			isa = XCRemoteSwiftPackageReference;
			repositoryURL = "https://github.com/firebase/firebase-ios-sdk";
			requirement = {
				kind = upToNextMajorVersion;
				minimumVersion = 10.0.0;
			};
		};
		04FAE8002A8EC2D00026808E /* XCRemoteSwiftPackageReference "SwiftSoup" */ = {
			isa = XCRemoteSwiftPackageReference;
			repositoryURL = "https://github.com/scinfu/SwiftSoup";
			requirement = {
				kind = upToNextMajorVersion;
				minimumVersion = 2.0.0;
			};
		};
/* End XCRemoteSwiftPackageReference section */

/* Begin XCSwiftPackageProductDependency section */
		04CA97772A41C41E002CB788 /* FirebaseAnalytics */ = {
			isa = XCSwiftPackageProductDependency;
			package = 04CA97762A41C41D002CB788 /* XCRemoteSwiftPackageReference "firebase-ios-sdk" */;
			productName = FirebaseAnalytics;
		};
		04CA97792A41C41E002CB788 /* FirebaseAnalyticsOnDeviceConversion */ = {
			isa = XCSwiftPackageProductDependency;
			package = 04CA97762A41C41D002CB788 /* XCRemoteSwiftPackageReference "firebase-ios-sdk" */;
			productName = FirebaseAnalyticsOnDeviceConversion;
		};
		04CA977B2A41C41E002CB788 /* FirebaseAnalyticsSwift */ = {
			isa = XCSwiftPackageProductDependency;
			package = 04CA97762A41C41D002CB788 /* XCRemoteSwiftPackageReference "firebase-ios-sdk" */;
			productName = FirebaseAnalyticsSwift;
		};
		04CA977D2A41C41E002CB788 /* FirebaseAnalyticsWithoutAdIdSupport */ = {
			isa = XCSwiftPackageProductDependency;
			package = 04CA97762A41C41D002CB788 /* XCRemoteSwiftPackageReference "firebase-ios-sdk" */;
			productName = FirebaseAnalyticsWithoutAdIdSupport;
		};
		04CA977F2A41C41E002CB788 /* FirebaseAppCheck */ = {
			isa = XCSwiftPackageProductDependency;
			package = 04CA97762A41C41D002CB788 /* XCRemoteSwiftPackageReference "firebase-ios-sdk" */;
			productName = FirebaseAppCheck;
		};
		04CA97812A41C41E002CB788 /* FirebaseAppDistribution-Beta */ = {
			isa = XCSwiftPackageProductDependency;
			package = 04CA97762A41C41D002CB788 /* XCRemoteSwiftPackageReference "firebase-ios-sdk" */;
			productName = "FirebaseAppDistribution-Beta";
		};
		04CA97832A41C41E002CB788 /* FirebaseAuth */ = {
			isa = XCSwiftPackageProductDependency;
			package = 04CA97762A41C41D002CB788 /* XCRemoteSwiftPackageReference "firebase-ios-sdk" */;
			productName = FirebaseAuth;
		};
		04CA97852A41C41E002CB788 /* FirebaseAuthCombine-Community */ = {
			isa = XCSwiftPackageProductDependency;
			package = 04CA97762A41C41D002CB788 /* XCRemoteSwiftPackageReference "firebase-ios-sdk" */;
			productName = "FirebaseAuthCombine-Community";
		};
		04CA97872A41C41E002CB788 /* FirebaseCrashlytics */ = {
			isa = XCSwiftPackageProductDependency;
			package = 04CA97762A41C41D002CB788 /* XCRemoteSwiftPackageReference "firebase-ios-sdk" */;
			productName = FirebaseCrashlytics;
		};
		04CA97892A41C41E002CB788 /* FirebaseDatabase */ = {
			isa = XCSwiftPackageProductDependency;
			package = 04CA97762A41C41D002CB788 /* XCRemoteSwiftPackageReference "firebase-ios-sdk" */;
			productName = FirebaseDatabase;
		};
		04CA978B2A41C41E002CB788 /* FirebaseDatabaseSwift */ = {
			isa = XCSwiftPackageProductDependency;
			package = 04CA97762A41C41D002CB788 /* XCRemoteSwiftPackageReference "firebase-ios-sdk" */;
			productName = FirebaseDatabaseSwift;
		};
		04CA978D2A41C41E002CB788 /* FirebaseDynamicLinks */ = {
			isa = XCSwiftPackageProductDependency;
			package = 04CA97762A41C41D002CB788 /* XCRemoteSwiftPackageReference "firebase-ios-sdk" */;
			productName = FirebaseDynamicLinks;
		};
		04CA978F2A41C41E002CB788 /* FirebaseFirestore */ = {
			isa = XCSwiftPackageProductDependency;
			package = 04CA97762A41C41D002CB788 /* XCRemoteSwiftPackageReference "firebase-ios-sdk" */;
			productName = FirebaseFirestore;
		};
		04CA97912A41C41E002CB788 /* FirebaseFirestoreCombine-Community */ = {
			isa = XCSwiftPackageProductDependency;
			package = 04CA97762A41C41D002CB788 /* XCRemoteSwiftPackageReference "firebase-ios-sdk" */;
			productName = "FirebaseFirestoreCombine-Community";
		};
		04CA97932A41C41E002CB788 /* FirebaseFirestoreSwift */ = {
			isa = XCSwiftPackageProductDependency;
			package = 04CA97762A41C41D002CB788 /* XCRemoteSwiftPackageReference "firebase-ios-sdk" */;
			productName = FirebaseFirestoreSwift;
		};
		04CA97952A41C41E002CB788 /* FirebaseFunctions */ = {
			isa = XCSwiftPackageProductDependency;
			package = 04CA97762A41C41D002CB788 /* XCRemoteSwiftPackageReference "firebase-ios-sdk" */;
			productName = FirebaseFunctions;
		};
		04CA97972A41C41E002CB788 /* FirebaseFunctionsCombine-Community */ = {
			isa = XCSwiftPackageProductDependency;
			package = 04CA97762A41C41D002CB788 /* XCRemoteSwiftPackageReference "firebase-ios-sdk" */;
			productName = "FirebaseFunctionsCombine-Community";
		};
		04CA97992A41C41E002CB788 /* FirebaseInAppMessaging-Beta */ = {
			isa = XCSwiftPackageProductDependency;
			package = 04CA97762A41C41D002CB788 /* XCRemoteSwiftPackageReference "firebase-ios-sdk" */;
			productName = "FirebaseInAppMessaging-Beta";
		};
		04CA979B2A41C41E002CB788 /* FirebaseInAppMessagingSwift-Beta */ = {
			isa = XCSwiftPackageProductDependency;
			package = 04CA97762A41C41D002CB788 /* XCRemoteSwiftPackageReference "firebase-ios-sdk" */;
			productName = "FirebaseInAppMessagingSwift-Beta";
		};
		04CA979D2A41C41E002CB788 /* FirebaseInstallations */ = {
			isa = XCSwiftPackageProductDependency;
			package = 04CA97762A41C41D002CB788 /* XCRemoteSwiftPackageReference "firebase-ios-sdk" */;
			productName = FirebaseInstallations;
		};
		04CA979F2A41C41E002CB788 /* FirebaseMLModelDownloader */ = {
			isa = XCSwiftPackageProductDependency;
			package = 04CA97762A41C41D002CB788 /* XCRemoteSwiftPackageReference "firebase-ios-sdk" */;
			productName = FirebaseMLModelDownloader;
		};
		04CA97A12A41C41E002CB788 /* FirebaseMessaging */ = {
			isa = XCSwiftPackageProductDependency;
			package = 04CA97762A41C41D002CB788 /* XCRemoteSwiftPackageReference "firebase-ios-sdk" */;
			productName = FirebaseMessaging;
		};
		04CA97A32A41C41E002CB788 /* FirebasePerformance */ = {
			isa = XCSwiftPackageProductDependency;
			package = 04CA97762A41C41D002CB788 /* XCRemoteSwiftPackageReference "firebase-ios-sdk" */;
			productName = FirebasePerformance;
		};
		04CA97A52A41C41E002CB788 /* FirebaseRemoteConfig */ = {
			isa = XCSwiftPackageProductDependency;
			package = 04CA97762A41C41D002CB788 /* XCRemoteSwiftPackageReference "firebase-ios-sdk" */;
			productName = FirebaseRemoteConfig;
		};
		04CA97A72A41C41E002CB788 /* FirebaseRemoteConfigSwift */ = {
			isa = XCSwiftPackageProductDependency;
			package = 04CA97762A41C41D002CB788 /* XCRemoteSwiftPackageReference "firebase-ios-sdk" */;
			productName = FirebaseRemoteConfigSwift;
		};
		04CA97A92A41C41E002CB788 /* FirebaseStorage */ = {
			isa = XCSwiftPackageProductDependency;
			package = 04CA97762A41C41D002CB788 /* XCRemoteSwiftPackageReference "firebase-ios-sdk" */;
			productName = FirebaseStorage;
		};
		04CA97AB2A41C41E002CB788 /* FirebaseStorageCombine-Community */ = {
			isa = XCSwiftPackageProductDependency;
			package = 04CA97762A41C41D002CB788 /* XCRemoteSwiftPackageReference "firebase-ios-sdk" */;
			productName = "FirebaseStorageCombine-Community";
		};
		04FAE8012A8EC2D00026808E /* SwiftSoup */ = {
			isa = XCSwiftPackageProductDependency;
			package = 04FAE8002A8EC2D00026808E /* XCRemoteSwiftPackageReference "SwiftSoup" */;
			productName = SwiftSoup;
		};
/* End XCSwiftPackageProductDependency section */
	};
	rootObject = 04D245D02A3F9E0D0090D16F /* Project object */;
}
