// !$*UTF8*$!
{
	archiveVersion = 1;
	classes = {
	};
	objectVersion = 56;
	objects = {

/* Begin PBXBuildFile section */
		04D245DC2A3F9E0D0090D16F /* English_MasteryApp.swift in Sources */ = {isa = PBXBuildFile; fileRef = 04D245DB2A3F9E0D0090D16F /* English_MasteryApp.swift */; };
		04D245DE2A3F9E0D0090D16F /* ContentView.swift in Sources */ = {isa = PBXBuildFile; fileRef = 04D245DD2A3F9E0D0090D16F /* ContentView.swift */; };
		04D245E02A3F9E0F0090D16F /* Assets.xcassets in Resources */ = {isa = PBXBuildFile; fileRef = 04D245DF2A3F9E0F0090D16F /* Assets.xcassets */; };
		04D245E32A3F9E0F0090D16F /* Preview Assets.xcassets in Resources */ = {isa = PBXBuildFile; fileRef = 04D245E22A3F9E0F0090D16F /* Preview Assets.xcassets */; };
		04D245ED2A3F9E0F0090D16F /* English_MasteryTests.swift in Sources */ = {isa = PBXBuildFile; fileRef = 04D245EC2A3F9E0F0090D16F /* English_MasteryTests.swift */; };
		04D245F72A3F9E0F0090D16F /* English_MasteryUITests.swift in Sources */ = {isa = PBXBuildFile; fileRef = 04D245F62A3F9E0F0090D16F /* English_MasteryUITests.swift */; };
		04D245F92A3F9E0F0090D16F /* English_MasteryUITestsLaunchTests.swift in Sources */ = {isa = PBXBuildFile; fileRef = 04D245F82A3F9E0F0090D16F /* English_MasteryUITestsLaunchTests.swift */; };
/* End PBXBuildFile section */

/* Begin PBXContainerItemProxy section */
		04D245E92A3F9E0F0090D16F /* PBXContainerItemProxy */ = {
			isa = PBXContainerItemProxy;
			containerPortal = 04D245D02A3F9E0D0090D16F /* Project object */;
			proxyType = 1;
			remoteGlobalIDString = 04D245D72A3F9E0D0090D16F;
			remoteInfo = "English Mastery";
		};
		04D245F32A3F9E0F0090D16F /* PBXContainerItemProxy */ = {
			isa = PBXContainerItemProxy;
			containerPortal = 04D245D02A3F9E0D0090D16F /* Project object */;
			proxyType = 1;
			remoteGlobalIDString = 04D245D72A3F9E0D0090D16F;
			remoteInfo = "English Mastery";
		};
/* End PBXContainerItemProxy section */

/* Begin PBXFileReference section */
		04D245D82A3F9E0D0090D16F /* English Mastery.app */ = {isa = PBXFileReference; explicitFileType = wrapper.application; includeInIndex = 0; path = "English Mastery.app"; sourceTree = BUILT_PRODUCTS_DIR; };
		04D245DB2A3F9E0D0090D16F /* English_MasteryApp.swift */ = {isa = PBXFileReference; lastKnownFileType = sourcecode.swift; path = English_MasteryApp.swift; sourceTree = "<group>"; };
		04D245DD2A3F9E0D0090D16F /* ContentView.swift */ = {isa = PBXFileReference; lastKnownFileType = sourcecode.swift; path = ContentView.swift; sourceTree = "<group>"; };
		04D245DF2A3F9E0F0090D16F /* Assets.xcassets */ = {isa = PBXFileReference; lastKnownFileType = folder.assetcatalog; path = Assets.xcassets; sourceTree = "<group>"; };
		04D245E22A3F9E0F0090D16F /* Preview Assets.xcassets */ = {isa = PBXFileReference; lastKnownFileType = folder.assetcatalog; path = "Preview Assets.xcassets"; sourceTree = "<group>"; };
		04D245E82A3F9E0F0090D16F /* English MasteryTests.xctest */ = {isa = PBXFileReference; explicitFileType = wrapper.cfbundle; includeInIndex = 0; path = "English MasteryTests.xctest"; sourceTree = BUILT_PRODUCTS_DIR; };
		04D245EC2A3F9E0F0090D16F /* English_MasteryTests.swift */ = {isa = PBXFileReference; lastKnownFileType = sourcecode.swift; path = English_MasteryTests.swift; sourceTree = "<group>"; };
		04D245F22A3F9E0F0090D16F /* English MasteryUITests.xctest */ = {isa = PBXFileReference; explicitFileType = wrapper.cfbundle; includeInIndex = 0; path = "English MasteryUITests.xctest"; sourceTree = BUILT_PRODUCTS_DIR; };
		04D245F62A3F9E0F0090D16F /* English_MasteryUITests.swift */ = {isa = PBXFileReference; lastKnownFileType = sourcecode.swift; path = English_MasteryUITests.swift; sourceTree = "<group>"; };
		04D245F82A3F9E0F0090D16F /* English_MasteryUITestsLaunchTests.swift */ = {isa = PBXFileReference; lastKnownFileType = sourcecode.swift; path = English_MasteryUITestsLaunchTests.swift; sourceTree = "<group>"; };
/* End PBXFileReference section */

/* Begin PBXFrameworksBuildPhase section */
		04D245D52A3F9E0D0090D16F /* Frameworks */ = {
			isa = PBXFrameworksBuildPhase;
			buildActionMask = 2147483647;
			files = (
			);
			runOnlyForDeploymentPostprocessing = 0;
		};
		04D245E52A3F9E0F0090D16F /* Frameworks */ = {
			isa = PBXFrameworksBuildPhase;
			buildActionMask = 2147483647;
			files = (
			);
			runOnlyForDeploymentPostprocessing = 0;
		};
		04D245EF2A3F9E0F0090D16F /* Frameworks */ = {
			isa = PBXFrameworksBuildPhase;
			buildActionMask = 2147483647;
			files = (
			);
			runOnlyForDeploymentPostprocessing = 0;
		};
/* End PBXFrameworksBuildPhase section */

/* Begin PBXGroup section */
		04D245CF2A3F9E0D0090D16F = {
			isa = PBXGroup;
			children = (
				04D245DA2A3F9E0D0090D16F /* English Mastery */,
				04D245EB2A3F9E0F0090D16F /* English MasteryTests */,
				04D245F52A3F9E0F0090D16F /* English MasteryUITests */,
				04D245D92A3F9E0D0090D16F /* Products */,
			);
			sourceTree = "<group>";
		};
		04D245D92A3F9E0D0090D16F /* Products */ = {
			isa = PBXGroup;
			children = (
				04D245D82A3F9E0D0090D16F /* English Mastery.app */,
				04D245E82A3F9E0F0090D16F /* English MasteryTests.xctest */,
				04D245F22A3F9E0F0090D16F /* English MasteryUITests.xctest */,
			);
			name = Products;
			sourceTree = "<group>";
		};
		04D245DA2A3F9E0D0090D16F /* English Mastery */ = {
			isa = PBXGroup;
			children = (
				04D245DB2A3F9E0D0090D16F /* English_MasteryApp.swift */,
				04D245DD2A3F9E0D0090D16F /* ContentView.swift */,
				04D245DF2A3F9E0F0090D16F /* Assets.xcassets */,
				04D245E12A3F9E0F0090D16F /* Preview Content */,
			);
			path = "English Mastery";
			sourceTree = "<group>";
		};
		04D245E12A3F9E0F0090D16F /* Preview Content */ = {
			isa = PBXGroup;
			children = (
				04D245E22A3F9E0F0090D16F /* Preview Assets.xcassets */,
			);
			path = "Preview Content";
			sourceTree = "<group>";
		};
		04D245EB2A3F9E0F0090D16F /* English MasteryTests */ = {
			isa = PBXGroup;
			children = (
				04D245EC2A3F9E0F0090D16F /* English_MasteryTests.swift */,
			);
			path = "English MasteryTests";
			sourceTree = "<group>";
		};
		04D245F52A3F9E0F0090D16F /* English MasteryUITests */ = {
			isa = PBXGroup;
			children = (
				04D245F62A3F9E0F0090D16F /* English_MasteryUITests.swift */,
				04D245F82A3F9E0F0090D16F /* English_MasteryUITestsLaunchTests.swift */,
			);
			path = "English MasteryUITests";
			sourceTree = "<group>";
		};
/* End PBXGroup section */

/* Begin PBXNativeTarget section */
		04D245D72A3F9E0D0090D16F /* English Mastery */ = {
			isa = PBXNativeTarget;
			buildConfigurationList = 04D245FC2A3F9E0F0090D16F /* Build configuration list for PBXNativeTarget "English Mastery" */;
			buildPhases = (
				04D245D42A3F9E0D0090D16F /* Sources */,
				04D245D52A3F9E0D0090D16F /* Frameworks */,
				04D245D62A3F9E0D0090D16F /* Resources */,
			);
			buildRules = (
			);
			dependencies = (
			);
			name = "English Mastery";
			productName = "English Mastery";
			productReference = 04D245D82A3F9E0D0090D16F /* English Mastery.app */;
			productType = "com.apple.product-type.application";
		};
		04D245E72A3F9E0F0090D16F /* English MasteryTests */ = {
			isa = PBXNativeTarget;
			buildConfigurationList = 04D245FF2A3F9E0F0090D16F /* Build configuration list for PBXNativeTarget "English MasteryTests" */;
			buildPhases = (
				04D245E42A3F9E0F0090D16F /* Sources */,
				04D245E52A3F9E0F0090D16F /* Frameworks */,
				04D245E62A3F9E0F0090D16F /* Resources */,
			);
			buildRules = (
			);
			dependencies = (
				04D245EA2A3F9E0F0090D16F /* PBXTargetDependency */,
			);
			name = "English MasteryTests";
			productName = "English MasteryTests";
			productReference = 04D245E82A3F9E0F0090D16F /* English MasteryTests.xctest */;
			productType = "com.apple.product-type.bundle.unit-test";
		};
		04D245F12A3F9E0F0090D16F /* English MasteryUITests */ = {
			isa = PBXNativeTarget;
			buildConfigurationList = 04D246022A3F9E0F0090D16F /* Build configuration list for PBXNativeTarget "English MasteryUITests" */;
			buildPhases = (
				04D245EE2A3F9E0F0090D16F /* Sources */,
				04D245EF2A3F9E0F0090D16F /* Frameworks */,
				04D245F02A3F9E0F0090D16F /* Resources */,
			);
			buildRules = (
			);
			dependencies = (
				04D245F42A3F9E0F0090D16F /* PBXTargetDependency */,
			);
			name = "English MasteryUITests";
			productName = "English MasteryUITests";
			productReference = 04D245F22A3F9E0F0090D16F /* English MasteryUITests.xctest */;
			productType = "com.apple.product-type.bundle.ui-testing";
		};
/* End PBXNativeTarget section */

/* Begin PBXProject section */
		04D245D02A3F9E0D0090D16F /* Project object */ = {
			isa = PBXProject;
			attributes = {
				BuildIndependentTargetsInParallel = 1;
				LastSwiftUpdateCheck = 1430;
				LastUpgradeCheck = 1430;
				TargetAttributes = {
					04D245D72A3F9E0D0090D16F = {
						CreatedOnToolsVersion = 14.3.1;
					};
					04D245E72A3F9E0F0090D16F = {
						CreatedOnToolsVersion = 14.3.1;
						TestTargetID = 04D245D72A3F9E0D0090D16F;
					};
					04D245F12A3F9E0F0090D16F = {
						CreatedOnToolsVersion = 14.3.1;
						TestTargetID = 04D245D72A3F9E0D0090D16F;
					};
				};
			};
			buildConfigurationList = 04D245D32A3F9E0D0090D16F /* Build configuration list for PBXProject "English Mastery" */;
			compatibilityVersion = "Xcode 14.0";
			developmentRegion = en;
			hasScannedForEncodings = 0;
			knownRegions = (
				en,
				Base,
			);
			mainGroup = 04D245CF2A3F9E0D0090D16F;
			productRefGroup = 04D245D92A3F9E0D0090D16F /* Products */;
			projectDirPath = "";
			projectRoot = "";
			targets = (
				04D245D72A3F9E0D0090D16F /* English Mastery */,
				04D245E72A3F9E0F0090D16F /* English MasteryTests */,
				04D245F12A3F9E0F0090D16F /* English MasteryUITests */,
			);
		};
/* End PBXProject section */

/* Begin PBXResourcesBuildPhase section */
		04D245D62A3F9E0D0090D16F /* Resources */ = {
			isa = PBXResourcesBuildPhase;
			buildActionMask = 2147483647;
			files = (
				04D245E32A3F9E0F0090D16F /* Preview Assets.xcassets in Resources */,
				04D245E02A3F9E0F0090D16F /* Assets.xcassets in Resources */,
			);
			runOnlyForDeploymentPostprocessing = 0;
		};
		04D245E62A3F9E0F0090D16F /* Resources */ = {
			isa = PBXResourcesBuildPhase;
			buildActionMask = 2147483647;
			files = (
			);
			runOnlyForDeploymentPostprocessing = 0;
		};
		04D245F02A3F9E0F0090D16F /* Resources */ = {
			isa = PBXResourcesBuildPhase;
			buildActionMask = 2147483647;
			files = (
			);
			runOnlyForDeploymentPostprocessing = 0;
		};
/* End PBXResourcesBuildPhase section */

/* Begin PBXSourcesBuildPhase section */
		04D245D42A3F9E0D0090D16F /* Sources */ = {
			isa = PBXSourcesBuildPhase;
			buildActionMask = 2147483647;
			files = (
				04D245DE2A3F9E0D0090D16F /* ContentView.swift in Sources */,
				04D245DC2A3F9E0D0090D16F /* English_MasteryApp.swift in Sources */,
			);
			runOnlyForDeploymentPostprocessing = 0;
		};
		04D245E42A3F9E0F0090D16F /* Sources */ = {
			isa = PBXSourcesBuildPhase;
			buildActionMask = 2147483647;
			files = (
				04D245ED2A3F9E0F0090D16F /* English_MasteryTests.swift in Sources */,
			);
			runOnlyForDeploymentPostprocessing = 0;
		};
		04D245EE2A3F9E0F0090D16F /* Sources */ = {
			isa = PBXSourcesBuildPhase;
			buildActionMask = 2147483647;
			files = (
				04D245F72A3F9E0F0090D16F /* English_MasteryUITests.swift in Sources */,
				04D245F92A3F9E0F0090D16F /* English_MasteryUITestsLaunchTests.swift in Sources */,
			);
			runOnlyForDeploymentPostprocessing = 0;
		};
/* End PBXSourcesBuildPhase section */

/* Begin PBXTargetDependency section */
		04D245EA2A3F9E0F0090D16F /* PBXTargetDependency */ = {
			isa = PBXTargetDependency;
			target = 04D245D72A3F9E0D0090D16F /* English Mastery */;
			targetProxy = 04D245E92A3F9E0F0090D16F /* PBXContainerItemProxy */;
		};
		04D245F42A3F9E0F0090D16F /* PBXTargetDependency */ = {
			isa = PBXTargetDependency;
			target = 04D245D72A3F9E0D0090D16F /* English Mastery */;
			targetProxy = 04D245F32A3F9E0F0090D16F /* PBXContainerItemProxy */;
		};
/* End PBXTargetDependency section */

/* Begin XCBuildConfiguration section */
		04D245FA2A3F9E0F0090D16F /* Debug */ = {
			isa = XCBuildConfiguration;
			buildSettings = {
				ALWAYS_SEARCH_USER_PATHS = NO;
				CLANG_ANALYZER_NONNULL = YES;
				CLANG_ANALYZER_NUMBER_OBJECT_CONVERSION = YES_AGGRESSIVE;
				CLANG_CXX_LANGUAGE_STANDARD = "gnu++20";
				CLANG_ENABLE_MODULES = YES;
				CLANG_ENABLE_OBJC_ARC = YES;
				CLANG_ENABLE_OBJC_WEAK = YES;
				CLANG_WARN_BLOCK_CAPTURE_AUTORELEASING = YES;
				CLANG_WARN_BOOL_CONVERSION = YES;
				CLANG_WARN_COMMA = YES;
				CLANG_WARN_CONSTANT_CONVERSION = YES;
				CLANG_WARN_DEPRECATED_OBJC_IMPLEMENTATIONS = YES;
				CLANG_WARN_DIRECT_OBJC_ISA_USAGE = YES_ERROR;
				CLANG_WARN_DOCUMENTATION_COMMENTS = YES;
				CLANG_WARN_EMPTY_BODY = YES;
				CLANG_WARN_ENUM_CONVERSION = YES;
				CLANG_WARN_INFINITE_RECURSION = YES;
				CLANG_WARN_INT_CONVERSION = YES;
				CLANG_WARN_NON_LITERAL_NULL_CONVERSION = YES;
				CLANG_WARN_OBJC_IMPLICIT_RETAIN_SELF = YES;
				CLANG_WARN_OBJC_LITERAL_CONVERSION = YES;
				CLANG_WARN_OBJC_ROOT_CLASS = YES_ERROR;
				CLANG_WARN_QUOTED_INCLUDE_IN_FRAMEWORK_HEADER = YES;
				CLANG_WARN_RANGE_LOOP_ANALYSIS = YES;
				CLANG_WARN_STRICT_PROTOTYPES = YES;
				CLANG_WARN_SUSPICIOUS_MOVE = YES;
				CLANG_WARN_UNGUARDED_AVAILABILITY = YES_AGGRESSIVE;
				CLANG_WARN_UNREACHABLE_CODE = YES;
				CLANG_WARN__DUPLICATE_METHOD_MATCH = YES;
				COPY_PHASE_STRIP = NO;
				DEBUG_INFORMATION_FORMAT = dwarf;
				ENABLE_STRICT_OBJC_MSGSEND = YES;
				ENABLE_TESTABILITY = YES;
				GCC_C_LANGUAGE_STANDARD = gnu11;
				GCC_DYNAMIC_NO_PIC = NO;
				GCC_NO_COMMON_BLOCKS = YES;
				GCC_OPTIMIZATION_LEVEL = 0;
				GCC_PREPROCESSOR_DEFINITIONS = (
					"DEBUG=1",
					"$(inherited)",
				);
				GCC_WARN_64_TO_32_BIT_CONVERSION = YES;
				GCC_WARN_ABOUT_RETURN_TYPE = YES_ERROR;
				GCC_WARN_UNDECLARED_SELECTOR = YES;
				GCC_WARN_UNINITIALIZED_AUTOS = YES_AGGRESSIVE;
				GCC_WARN_UNUSED_FUNCTION = YES;
				GCC_WARN_UNUSED_VARIABLE = YES;
				IPHONEOS_DEPLOYMENT_TARGET = 16.4;
				MTL_ENABLE_DEBUG_INFO = INCLUDE_SOURCE;
				MTL_FAST_MATH = YES;
				ONLY_ACTIVE_ARCH = YES;
				SDKROOT = iphoneos;
				SWIFT_ACTIVE_COMPILATION_CONDITIONS = DEBUG;
				SWIFT_OPTIMIZATION_LEVEL = "-Onone";
			};
			name = Debug;
		};
		04D245FB2A3F9E0F0090D16F /* Release */ = {
			isa = XCBuildConfiguration;
			buildSettings = {
				ALWAYS_SEARCH_USER_PATHS = NO;
				CLANG_ANALYZER_NONNULL = YES;
				CLANG_ANALYZER_NUMBER_OBJECT_CONVERSION = YES_AGGRESSIVE;
				CLANG_CXX_LANGUAGE_STANDARD = "gnu++20";
				CLANG_ENABLE_MODULES = YES;
				CLANG_ENABLE_OBJC_ARC = YES;
				CLANG_ENABLE_OBJC_WEAK = YES;
				CLANG_WARN_BLOCK_CAPTURE_AUTORELEASING = YES;
				CLANG_WARN_BOOL_CONVERSION = YES;
				CLANG_WARN_COMMA = YES;
				CLANG_WARN_CONSTANT_CONVERSION = YES;
				CLANG_WARN_DEPRECATED_OBJC_IMPLEMENTATIONS = YES;
				CLANG_WARN_DIRECT_OBJC_ISA_USAGE = YES_ERROR;
				CLANG_WARN_DOCUMENTATION_COMMENTS = YES;
				CLANG_WARN_EMPTY_BODY = YES;
				CLANG_WARN_ENUM_CONVERSION = YES;
				CLANG_WARN_INFINITE_RECURSION = YES;
				CLANG_WARN_INT_CONVERSION = YES;
				CLANG_WARN_NON_LITERAL_NULL_CONVERSION = YES;
				CLANG_WARN_OBJC_IMPLICIT_RETAIN_SELF = YES;
				CLANG_WARN_OBJC_LITERAL_CONVERSION = YES;
				CLANG_WARN_OBJC_ROOT_CLASS = YES_ERROR;
				CLANG_WARN_QUOTED_INCLUDE_IN_FRAMEWORK_HEADER = YES;
				CLANG_WARN_RANGE_LOOP_ANALYSIS = YES;
				CLANG_WARN_STRICT_PROTOTYPES = YES;
				CLANG_WARN_SUSPICIOUS_MOVE = YES;
				CLANG_WARN_UNGUARDED_AVAILABILITY = YES_AGGRESSIVE;
				CLANG_WARN_UNREACHABLE_CODE = YES;
				CLANG_WARN__DUPLICATE_METHOD_MATCH = YES;
				COPY_PHASE_STRIP = NO;
				DEBUG_INFORMATION_FORMAT = "dwarf-with-dsym";
				ENABLE_NS_ASSERTIONS = NO;
				ENABLE_STRICT_OBJC_MSGSEND = YES;
				GCC_C_LANGUAGE_STANDARD = gnu11;
				GCC_NO_COMMON_BLOCKS = YES;
				GCC_WARN_64_TO_32_BIT_CONVERSION = YES;
				GCC_WARN_ABOUT_RETURN_TYPE = YES_ERROR;
				GCC_WARN_UNDECLARED_SELECTOR = YES;
				GCC_WARN_UNINITIALIZED_AUTOS = YES_AGGRESSIVE;
				GCC_WARN_UNUSED_FUNCTION = YES;
				GCC_WARN_UNUSED_VARIABLE = YES;
				IPHONEOS_DEPLOYMENT_TARGET = 16.4;
				MTL_ENABLE_DEBUG_INFO = NO;
				MTL_FAST_MATH = YES;
				SDKROOT = iphoneos;
				SWIFT_COMPILATION_MODE = wholemodule;
				SWIFT_OPTIMIZATION_LEVEL = "-O";
				VALIDATE_PRODUCT = YES;
			};
			name = Release;
		};
		04D245FD2A3F9E0F0090D16F /* Debug */ = {
			isa = XCBuildConfiguration;
			buildSettings = {
				ASSETCATALOG_COMPILER_APPICON_NAME = AppIcon;
				ASSETCATALOG_COMPILER_GLOBAL_ACCENT_COLOR_NAME = AccentColor;
				CODE_SIGN_STYLE = Automatic;
				CURRENT_PROJECT_VERSION = 1;
				DEVELOPMENT_ASSET_PATHS = "\"English Mastery/Preview Content\"";
				DEVELOPMENT_TEAM = T6V9U89ZWR;
				ENABLE_PREVIEWS = YES;
				GENERATE_INFOPLIST_FILE = YES;
				INFOPLIST_KEY_UIApplicationSceneManifest_Generation = YES;
				INFOPLIST_KEY_UIApplicationSupportsIndirectInputEvents = YES;
				INFOPLIST_KEY_UILaunchScreen_Generation = YES;
				INFOPLIST_KEY_UISupportedInterfaceOrientations_iPad = "UIInterfaceOrientationPortrait UIInterfaceOrientationPortraitUpsideDown UIInterfaceOrientationLandscapeLeft UIInterfaceOrientationLandscapeRight";
				INFOPLIST_KEY_UISupportedInterfaceOrientations_iPhone = "UIInterfaceOrientationPortrait UIInterfaceOrientationLandscapeLeft UIInterfaceOrientationLandscapeRight";
				LD_RUNPATH_SEARCH_PATHS = (
					"$(inherited)",
					"@executable_path/Frameworks",
				);
				MARKETING_VERSION = 1.0;
				PRODUCT_BUNDLE_IDENTIFIER = "Home.English-Mastery";
				PRODUCT_NAME = "$(TARGET_NAME)";
				SWIFT_EMIT_LOC_STRINGS = YES;
				SWIFT_VERSION = 5.0;
				TARGETED_DEVICE_FAMILY = "1,2";
			};
			name = Debug;
		};
		04D245FE2A3F9E0F0090D16F /* Release */ = {
			isa = XCBuildConfiguration;
			buildSettings = {
				ASSETCATALOG_COMPILER_APPICON_NAME = AppIcon;
				ASSETCATALOG_COMPILER_GLOBAL_ACCENT_COLOR_NAME = AccentColor;
				CODE_SIGN_STYLE = Automatic;
				CURRENT_PROJECT_VERSION = 1;
				DEVELOPMENT_ASSET_PATHS = "\"English Mastery/Preview Content\"";
				DEVELOPMENT_TEAM = T6V9U89ZWR;
				ENABLE_PREVIEWS = YES;
				GENERATE_INFOPLIST_FILE = YES;
				INFOPLIST_KEY_UIApplicationSceneManifest_Generation = YES;
				INFOPLIST_KEY_UIApplicationSupportsIndirectInputEvents = YES;
				INFOPLIST_KEY_UILaunchScreen_Generation = YES;
				INFOPLIST_KEY_UISupportedInterfaceOrientations_iPad = "UIInterfaceOrientationPortrait UIInterfaceOrientationPortraitUpsideDown UIInterfaceOrientationLandscapeLeft UIInterfaceOrientationLandscapeRight";
				INFOPLIST_KEY_UISupportedInterfaceOrientations_iPhone = "UIInterfaceOrientationPortrait UIInterfaceOrientationLandscapeLeft UIInterfaceOrientationLandscapeRight";
				LD_RUNPATH_SEARCH_PATHS = (
					"$(inherited)",
					"@executable_path/Frameworks",
				);
				MARKETING_VERSION = 1.0;
				PRODUCT_BUNDLE_IDENTIFIER = "Home.English-Mastery";
				PRODUCT_NAME = "$(TARGET_NAME)";
				SWIFT_EMIT_LOC_STRINGS = YES;
				SWIFT_VERSION = 5.0;
				TARGETED_DEVICE_FAMILY = "1,2";
			};
			name = Release;
		};
		04D246002A3F9E0F0090D16F /* Debug */ = {
			isa = XCBuildConfiguration;
			buildSettings = {
				ALWAYS_EMBED_SWIFT_STANDARD_LIBRARIES = YES;
				BUNDLE_LOADER = "$(TEST_HOST)";
				CODE_SIGN_STYLE = Automatic;
				CURRENT_PROJECT_VERSION = 1;
				DEVELOPMENT_TEAM = T6V9U89ZWR;
				GENERATE_INFOPLIST_FILE = YES;
				IPHONEOS_DEPLOYMENT_TARGET = 16.4;
				MARKETING_VERSION = 1.0;
				PRODUCT_BUNDLE_IDENTIFIER = "Home.English-MasteryTests";
				PRODUCT_NAME = "$(TARGET_NAME)";
				SWIFT_EMIT_LOC_STRINGS = NO;
				SWIFT_VERSION = 5.0;
				TARGETED_DEVICE_FAMILY = "1,2";
				TEST_HOST = "$(BUILT_PRODUCTS_DIR)/English Mastery.app/$(BUNDLE_EXECUTABLE_FOLDER_PATH)/English Mastery";
			};
			name = Debug;
		};
		04D246012A3F9E0F0090D16F /* Release */ = {
			isa = XCBuildConfiguration;
			buildSettings = {
				ALWAYS_EMBED_SWIFT_STANDARD_LIBRARIES = YES;
				BUNDLE_LOADER = "$(TEST_HOST)";
				CODE_SIGN_STYLE = Automatic;
				CURRENT_PROJECT_VERSION = 1;
				DEVELOPMENT_TEAM = T6V9U89ZWR;
				GENERATE_INFOPLIST_FILE = YES;
				IPHONEOS_DEPLOYMENT_TARGET = 16.4;
				MARKETING_VERSION = 1.0;
				PRODUCT_BUNDLE_IDENTIFIER = "Home.English-MasteryTests";
				PRODUCT_NAME = "$(TARGET_NAME)";
				SWIFT_EMIT_LOC_STRINGS = NO;
				SWIFT_VERSION = 5.0;
				TARGETED_DEVICE_FAMILY = "1,2";
				TEST_HOST = "$(BUILT_PRODUCTS_DIR)/English Mastery.app/$(BUNDLE_EXECUTABLE_FOLDER_PATH)/English Mastery";
			};
			name = Release;
		};
		04D246032A3F9E0F0090D16F /* Debug */ = {
			isa = XCBuildConfiguration;
			buildSettings = {
				ALWAYS_EMBED_SWIFT_STANDARD_LIBRARIES = YES;
				CODE_SIGN_STYLE = Automatic;
				CURRENT_PROJECT_VERSION = 1;
				DEVELOPMENT_TEAM = T6V9U89ZWR;
				GENERATE_INFOPLIST_FILE = YES;
				MARKETING_VERSION = 1.0;
				PRODUCT_BUNDLE_IDENTIFIER = "Home.English-MasteryUITests";
				PRODUCT_NAME = "$(TARGET_NAME)";
				SWIFT_EMIT_LOC_STRINGS = NO;
				SWIFT_VERSION = 5.0;
				TARGETED_DEVICE_FAMILY = "1,2";
				TEST_TARGET_NAME = "English Mastery";
			};
			name = Debug;
		};
		04D246042A3F9E0F0090D16F /* Release */ = {
			isa = XCBuildConfiguration;
			buildSettings = {
				ALWAYS_EMBED_SWIFT_STANDARD_LIBRARIES = YES;
				CODE_SIGN_STYLE = Automatic;
				CURRENT_PROJECT_VERSION = 1;
				DEVELOPMENT_TEAM = T6V9U89ZWR;
				GENERATE_INFOPLIST_FILE = YES;
				MARKETING_VERSION = 1.0;
				PRODUCT_BUNDLE_IDENTIFIER = "Home.English-MasteryUITests";
				PRODUCT_NAME = "$(TARGET_NAME)";
				SWIFT_EMIT_LOC_STRINGS = NO;
				SWIFT_VERSION = 5.0;
				TARGETED_DEVICE_FAMILY = "1,2";
				TEST_TARGET_NAME = "English Mastery";
			};
			name = Release;
		};
/* End XCBuildConfiguration section */

/* Begin XCConfigurationList section */
		04D245D32A3F9E0D0090D16F /* Build configuration list for PBXProject "English Mastery" */ = {
			isa = XCConfigurationList;
			buildConfigurations = (
				04D245FA2A3F9E0F0090D16F /* Debug */,
				04D245FB2A3F9E0F0090D16F /* Release */,
			);
			defaultConfigurationIsVisible = 0;
			defaultConfigurationName = Release;
		};
		04D245FC2A3F9E0F0090D16F /* Build configuration list for PBXNativeTarget "English Mastery" */ = {
			isa = XCConfigurationList;
			buildConfigurations = (
				04D245FD2A3F9E0F0090D16F /* Debug */,
				04D245FE2A3F9E0F0090D16F /* Release */,
			);
			defaultConfigurationIsVisible = 0;
			defaultConfigurationName = Release;
		};
		04D245FF2A3F9E0F0090D16F /* Build configuration list for PBXNativeTarget "English MasteryTests" */ = {
			isa = XCConfigurationList;
			buildConfigurations = (
				04D246002A3F9E0F0090D16F /* Debug */,
				04D246012A3F9E0F0090D16F /* Release */,
			);
			defaultConfigurationIsVisible = 0;
			defaultConfigurationName = Release;
		};
		04D246022A3F9E0F0090D16F /* Build configuration list for PBXNativeTarget "English MasteryUITests" */ = {
			isa = XCConfigurationList;
			buildConfigurations = (
				04D246032A3F9E0F0090D16F /* Debug */,
				04D246042A3F9E0F0090D16F /* Release */,
			);
			defaultConfigurationIsVisible = 0;
			defaultConfigurationName = Release;
		};
/* End XCConfigurationList section */
	};
	rootObject = 04D245D02A3F9E0D0090D16F /* Project object */;
}
